
Microsoft Visual Studio Solution File, Format Version 12.00
# Visual Studio Version 17
VisualStudioVersion = 17.11.35303.130
MinimumVisualStudioVersion = 10.0.40219.1
Project("{FAE04EC0-301F-11D3-BF4B-00C04F79EFBC}") = "DTO", "DTO\DTO.csproj", "{F4E4154C-C0A8-4431-AFA5-3C053840EBAD}"
EndProject
Project("{FAE04EC0-301F-11D3-BF4B-00C04F79EFBC}") = "DAL", "DAL\DAL.csproj", "{6982EBF8-5B46-4939-B350-7903DC9D801E}"
EndProject
Project("{FAE04EC0-301F-11D3-BF4B-00C04F79EFBC}") = "BLL", "BLL\BLL.csproj", "{90692A51-0F81-4A60-BE19-AA898CC6F15A}"
EndProject
Project("{FAE04EC0-301F-11D3-BF4B-00C04F79EFBC}") = "GUI", "GUI\GUI.csproj", "{176CCF89-BC48-4A6C-AB45-AEDC59214E43}"
EndProject
Global
	GlobalSection(SolutionConfigurationPlatforms) = preSolution
		Debug|Any CPU = Debug|Any CPU
		Release|Any CPU = Release|Any CPU
	EndGlobalSection
	GlobalSection(ProjectConfigurationPlatforms) = postSolution
		{F4E4154C-C0A8-4431-AFA5-3C053840EBAD}.Debug|Any CPU.ActiveCfg = Debug|Any CPU
		{F4E4154C-C0A8-4431-AFA5-3C053840EBAD}.Debug|Any CPU.Build.0 = Debug|Any CPU
		{F4E4154C-C0A8-4431-AFA5-3C053840EBAD}.Release|Any CPU.ActiveCfg = Release|Any CPU
		{F4E4154C-C0A8-4431-AFA5-3C053840EBAD}.Release|Any CPU.Build.0 = Release|Any CPU
		{6982EBF8-5B46-4939-B350-7903DC9D801E}.Debug|Any CPU.ActiveCfg = Debug|Any CPU
		{6982EBF8-5B46-4939-B350-7903DC9D801E}.Debug|Any CPU.Build.0 = Debug|Any CPU
		{6982EBF8-5B46-4939-B350-7903DC9D801E}.Release|Any CPU.ActiveCfg = Release|Any CPU
		{6982EBF8-5B46-4939-B350-7903DC9D801E}.Release|Any CPU.Build.0 = Release|Any CPU
		{90692A51-0F81-4A60-BE19-AA898CC6F15A}.Debug|Any CPU.ActiveCfg = Debug|Any CPU
		{90692A51-0F81-4A60-BE19-AA898CC6F15A}.Debug|Any CPU.Build.0 = Debug|Any CPU
		{90692A51-0F81-4A60-BE19-AA898CC6F15A}.Release|Any CPU.ActiveCfg = Release|Any CPU
		{90692A51-0F81-4A60-BE19-AA898CC6F15A}.Release|Any CPU.Build.0 = Release|Any CPU
		{176CCF89-BC48-4A6C-AB45-AEDC59214E43}.Debug|Any CPU.ActiveCfg = Debug|Any CPU
		{176CCF89-BC48-4A6C-AB45-AEDC59214E43}.Debug|Any CPU.Build.0 = Debug|Any CPU
		{176CCF89-BC48-4A6C-AB45-AEDC59214E43}.Release|Any CPU.ActiveCfg = Release|Any CPU
		{176CCF89-BC48-4A6C-AB45-AEDC59214E43}.Release|Any CPU.Build.0 = Release|Any CPU
	EndGlobalSection
	GlobalSection(SolutionProperties) = preSolution
		HideSolutionNode = FALSE
	EndGlobalSection
	GlobalSection(ExtensibilityGlobals) = postSolution
		SolutionGuid = {C6388B40-4D7F-4AA9-AC29-2BF9E2BF7846}
	EndGlobalSection
EndGlobal
