
Microsoft Visual Studio Solution File, Format Version 12.00
# Visual Studio Version 17
VisualStudioVersion = 17.11.35303.130
MinimumVisualStudioVersion = 10.0.40219.1
Project("{FAE04EC0-301F-11D3-BF4B-00C04F79EFBC}") = "DTO", "DTO\DTO.csproj", "{7FCBF829-CAC0-47E9-ADBE-8322CE5E661D}"
EndProject
Project("{FAE04EC0-301F-11D3-BF4B-00C04F79EFBC}") = "DAL", "DAL\DAL.csproj", "{F86467AA-A6AC-4CC5-B848-083A98083830}"
	ProjectSection(ProjectDependencies) = postProject
		{7FCBF829-CAC0-47E9-ADBE-8322CE5E661D} = {7FCBF829-CAC0-47E9-ADBE-8322CE5E661D}
	EndProjectSection
EndProject
Project("{FAE04EC0-301F-11D3-BF4B-00C04F79EFBC}") = "BLL", "BLL\BLL.csproj", "{3A995AB6-3618-4473-9F67-05E90DA46148}"
	ProjectSection(ProjectDependencies) = postProject
		{7FCBF829-CAC0-47E9-ADBE-8322CE5E661D} = {7FCBF829-CAC0-47E9-ADBE-8322CE5E661D}
		{F86467AA-A6AC-4CC5-B848-083A98083830} = {F86467AA-A6AC-4CC5-B848-083A98083830}
	EndProjectSection
EndProject
Project("{FAE04EC0-301F-11D3-BF4B-00C04F79EFBC}") = "GUI", "GUI\GUI.csproj", "{C1D064B9-7BB4-4E52-A1E2-554354439E6A}"
	ProjectSection(ProjectDependencies) = postProject
		{3A995AB6-3618-4473-9F67-05E90DA46148} = {3A995AB6-3618-4473-9F67-05E90DA46148}
		{7FCBF829-CAC0-47E9-ADBE-8322CE5E661D} = {7FCBF829-CAC0-47E9-ADBE-8322CE5E661D}
		{D6692931-282C-4124-A6A3-90D188C49966} = {D6692931-282C-4124-A6A3-90D188C49966}
		{F86467AA-A6AC-4CC5-B848-083A98083830} = {F86467AA-A6AC-4CC5-B848-083A98083830}
	EndProjectSection
EndProject
Project("{FAE04EC0-301F-11D3-BF4B-00C04F79EFBC}") = "UC", "UC\UC.csproj", "{D6692931-282C-4124-A6A3-90D188C49966}"
	ProjectSection(ProjectDependencies) = postProject
		{3A995AB6-3618-4473-9F67-05E90DA46148} = {3A995AB6-3618-4473-9F67-05E90DA46148}
		{7FCBF829-CAC0-47E9-ADBE-8322CE5E661D} = {7FCBF829-CAC0-47E9-ADBE-8322CE5E661D}
	EndProjectSection
EndProject
Global
	GlobalSection(SolutionConfigurationPlatforms) = preSolution
		Debug|Any CPU = Debug|Any CPU
		Release|Any CPU = Release|Any CPU
	EndGlobalSection
	GlobalSection(ProjectConfigurationPlatforms) = postSolution
		{7FCBF829-CAC0-47E9-ADBE-8322CE5E661D}.Debug|Any CPU.ActiveCfg = Debug|Any CPU
		{7FCBF829-CAC0-47E9-ADBE-8322CE5E661D}.Debug|Any CPU.Build.0 = Debug|Any CPU
		{7FCBF829-CAC0-47E9-ADBE-8322CE5E661D}.Release|Any CPU.ActiveCfg = Release|Any CPU
		{7FCBF829-CAC0-47E9-ADBE-8322CE5E661D}.Release|Any CPU.Build.0 = Release|Any CPU
		{F86467AA-A6AC-4CC5-B848-083A98083830}.Debug|Any CPU.ActiveCfg = Debug|Any CPU
		{F86467AA-A6AC-4CC5-B848-083A98083830}.Debug|Any CPU.Build.0 = Debug|Any CPU
		{F86467AA-A6AC-4CC5-B848-083A98083830}.Release|Any CPU.ActiveCfg = Release|Any CPU
		{F86467AA-A6AC-4CC5-B848-083A98083830}.Release|Any CPU.Build.0 = Release|Any CPU
		{3A995AB6-3618-4473-9F67-05E90DA46148}.Debug|Any CPU.ActiveCfg = Debug|Any CPU
		{3A995AB6-3618-4473-9F67-05E90DA46148}.Debug|Any CPU.Build.0 = Debug|Any CPU
		{3A995AB6-3618-4473-9F67-05E90DA46148}.Release|Any CPU.ActiveCfg = Release|Any CPU
		{3A995AB6-3618-4473-9F67-05E90DA46148}.Release|Any CPU.Build.0 = Release|Any CPU
		{C1D064B9-7BB4-4E52-A1E2-554354439E6A}.Debug|Any CPU.ActiveCfg = Debug|Any CPU
		{C1D064B9-7BB4-4E52-A1E2-554354439E6A}.Debug|Any CPU.Build.0 = Debug|Any CPU
		{C1D064B9-7BB4-4E52-A1E2-554354439E6A}.Release|Any CPU.ActiveCfg = Release|Any CPU
		{C1D064B9-7BB4-4E52-A1E2-554354439E6A}.Release|Any CPU.Build.0 = Release|Any CPU
		{D6692931-282C-4124-A6A3-90D188C49966}.Debug|Any CPU.ActiveCfg = Debug|Any CPU
		{D6692931-282C-4124-A6A3-90D188C49966}.Debug|Any CPU.Build.0 = Debug|Any CPU
		{D6692931-282C-4124-A6A3-90D188C49966}.Release|Any CPU.ActiveCfg = Release|Any CPU
		{D6692931-282C-4124-A6A3-90D188C49966}.Release|Any CPU.Build.0 = Release|Any CPU
	EndGlobalSection
	GlobalSection(SolutionProperties) = preSolution
		HideSolutionNode = FALSE
	EndGlobalSection
	GlobalSection(ExtensibilityGlobals) = postSolution
		SolutionGuid = {B59C670B-5C3C-40B3-A956-7222BD7BA674}
	EndGlobalSection
EndGlobal
